<?xml version="1.0" encoding="utf-8"?>
<Project ToolsVersion="4.0" xmlns="http://schemas.microsoft.com/developer/msbuild/2003">
  <ItemGroup>
    <Filter Include="Source Files">
      <UniqueIdentifier>{4FC737F1-C7A5-4376-A066-2A32D752A2FF}</UniqueIdentifier>
      <Extensions>cpp;c;cc;cxx;def;odl;idl;hpj;bat;asm;asmx</Extensions>
    </Filter>
    <Filter Include="Header Files">
      <UniqueIdentifier>{93995380-89BD-4b04-88EB-625FBE52EBFB}</UniqueIdentifier>
      <Extensions>h;hh;hpp;hxx;hm;inl;inc;xsd</Extensions>
    </Filter>
    <Filter Include="Resource Files">
      <UniqueIdentifier>{67DA6AB6-F800-4c08-8B7A-83BB121AAD01}</UniqueIdentifier>
      <Extensions>rc;ico;cur;bmp;dlg;rc2;rct;bin;rgs;gif;jpg;jpeg;jpe;resx;tiff;tif;png;wav;mfcribbon-ms</Extensions>
    </Filter>
    <Filter Include="Graph_algo_test">
      <UniqueIdentifier>{c4a11c11-cb36-410e-8087-e0c5e9920c67}</UniqueIdentifier>
    </Filter>
    <Filter Include="Graph_algo_test\Data">
      <UniqueIdentifier>{115da9c8-e0d9-4f0d-8124-b90a42cb315a}</UniqueIdentifier>
    </Filter>
  </ItemGroup>
  <ItemGroup>
    <ClInclude Include="stdafx.h">
      <Filter>Header Files</Filter>
    </ClInclude>
    <ClInclude Include="targetver.h">
      <Filter>Header Files</Filter>
    </ClInclude>
    <ClInclude Include="..\Graph_algorithms\Read_graph.h">
      <Filter>Graph_algo_test\Data</Filter>
    </ClInclude>
    <ClInclude Include="..\Graph_algorithms\Read_graph_builder.h">
      <Filter>Graph_algo_test\Data</Filter>
    </ClInclude>
  </ItemGroup>
  <ItemGroup>
    <ClCompile Include="stdafx.cpp">
      <Filter>Source Files</Filter>
    </ClCompile>
    <ClCompile Include="unittest1.cpp">
      <Filter>Source Files</Filter>
    </ClCompile>
    <ClCompile Include="Read_graph_test.cpp">
      <Filter>Graph_algo_test</Filter>
    </ClCompile>
    <ClCompile Include="..\Graph_algorithms\Read_graph.cpp">
      <Filter>Graph_algo_test\Data</Filter>
    </ClCompile>
    <ClCompile Include="..\Graph_algorithms\Read_graph_builder.cpp">
      <Filter>Graph_algo_test\Data</Filter>
    </ClCompile>
  </ItemGroup>
</Project>