<?xml version="1.0" encoding="utf-8"?>
<Project ToolsVersion="4.0" xmlns="http://schemas.microsoft.com/developer/msbuild/2003">
  <ItemGroup>
    <Filter Include="Source Files">
      <UniqueIdentifier>{4FC737F1-C7A5-4376-A066-2A32D752A2FF}</UniqueIdentifier>
      <Extensions>cpp;c;cc;cxx;def;odl;idl;hpj;bat;asm;asmx</Extensions>
    </Filter>
    <Filter Include="Header Files">
      <UniqueIdentifier>{93995380-89BD-4b04-88EB-625FBE52EBFB}</UniqueIdentifier>
      <Extensions>h;hh;hpp;hxx;hm;inl;inc;xsd</Extensions>
    </Filter>
    <Filter Include="Algorithms_on_graphs">
      <UniqueIdentifier>{36dc40b7-254f-4888-a057-1e43ff31accc}</UniqueIdentifier>
    </Filter>
    <Filter Include="Algorithms_on_graphs\Header Files">
      <UniqueIdentifier>{deb6b748-cd2b-4dad-90b3-0255f911c55a}</UniqueIdentifier>
    </Filter>
    <Filter Include="Algorithms_on_graphs\Source Files">
      <UniqueIdentifier>{4365a0d8-52cf-4359-8032-31828aff7bf5}</UniqueIdentifier>
    </Filter>
    <Filter Include="Build_dots">
      <UniqueIdentifier>{dbf87732-c06c-4546-865b-883b47c58f86}</UniqueIdentifier>
    </Filter>
    <Filter Include="Build_dots\Header Files">
      <UniqueIdentifier>{aa9bd030-38bd-4bf2-80dd-7803eccb368f}</UniqueIdentifier>
    </Filter>
    <Filter Include="Build_dots\Source Files">
      <UniqueIdentifier>{15957b7c-7733-4b4e-86fe-25760a15693e}</UniqueIdentifier>
    </Filter>
    <Filter Include="Control_data_time">
      <UniqueIdentifier>{ca4a3a59-e999-4b75-a197-49c17a8abcab}</UniqueIdentifier>
    </Filter>
    <Filter Include="Control_data_time\Header Files">
      <UniqueIdentifier>{88d3c35c-31a9-4744-874c-6ff077431e72}</UniqueIdentifier>
    </Filter>
    <Filter Include="Control_data_time\Source Files">
      <UniqueIdentifier>{b60df5c6-28f8-44fa-bdf4-9196ec71e135}</UniqueIdentifier>
    </Filter>
  </ItemGroup>
  <ItemGroup>
    <ClInclude Include="Graph_data\Algorithm.h">
      <Filter>Algorithms_on_graphs\Header Files</Filter>
    </ClInclude>
    <ClInclude Include="Graph_data\Algorithm_factory.h">
      <Filter>Algorithms_on_graphs\Header Files</Filter>
    </ClInclude>
    <ClInclude Include="Graph_data\Graph.h">
      <Filter>Algorithms_on_graphs\Header Files</Filter>
    </ClInclude>
    <ClInclude Include="Graph_data\Graph_algo.h">
      <Filter>Algorithms_on_graphs\Header Files</Filter>
    </ClInclude>
    <ClInclude Include="Graph_data\Graph_is_acyclic.h">
      <Filter>Algorithms_on_graphs\Header Files</Filter>
    </ClInclude>
    <ClInclude Include="Graph_data\Graph_is_connected.h">
      <Filter>Algorithms_on_graphs\Header Files</Filter>
    </ClInclude>
    <ClInclude Include="Graph_data\Read_graph.h">
      <Filter>Algorithms_on_graphs\Header Files</Filter>
    </ClInclude>
    <ClInclude Include="Graph_data\Read_graph_builder.h">
      <Filter>Algorithms_on_graphs\Header Files</Filter>
    </ClInclude>
    <ClInclude Include="GraphAPI\GraphAPI.h">
      <Filter>Header Files</Filter>
    </ClInclude>
    <ClInclude Include="Build_dots\Build_dots.h">
      <Filter>Build_dots\Header Files</Filter>
    </ClInclude>
    <ClInclude Include="Graph_data\Finding_shortest_path.h">
      <Filter>Algorithms_on_graphs\Header Files</Filter>
    </ClInclude>
    <ClInclude Include="Control_data_time\Control_data_time.h">
      <Filter>Control_data_time\Header Files</Filter>
    </ClInclude>
  </ItemGroup>
  <ItemGroup>
    <ClCompile Include="main.cpp">
      <Filter>Source Files</Filter>
    </ClCompile>
    <ClCompile Include="Graph_data\Algorithm.cpp">
      <Filter>Algorithms_on_graphs\Source Files</Filter>
    </ClCompile>
    <ClCompile Include="Graph_data\Algorithm_factory.cpp">
      <Filter>Algorithms_on_graphs\Source Files</Filter>
    </ClCompile>
    <ClCompile Include="Graph_data\Graph.cpp">
      <Filter>Algorithms_on_graphs\Source Files</Filter>
    </ClCompile>
    <ClCompile Include="Graph_data\Graph_algo.cpp">
      <Filter>Algorithms_on_graphs\Source Files</Filter>
    </ClCompile>
    <ClCompile Include="Graph_data\Graph_is_acyclic.cpp">
      <Filter>Algorithms_on_graphs\Source Files</Filter>
    </ClCompile>
    <ClCompile Include="Graph_data\Graph_is_connected.cpp">
      <Filter>Algorithms_on_graphs\Source Files</Filter>
    </ClCompile>
    <ClCompile Include="Graph_data\Read_graph.cpp">
      <Filter>Algorithms_on_graphs\Source Files</Filter>
    </ClCompile>
    <ClCompile Include="Graph_data\Read_graph_builder.cpp">
      <Filter>Algorithms_on_graphs\Source Files</Filter>
    </ClCompile>
    <ClCompile Include="GraphAPI\GraphAPI.cpp">
      <Filter>Source Files</Filter>
    </ClCompile>
    <ClCompile Include="Build_dots\Build_dots.cpp">
      <Filter>Build_dots\Source Files</Filter>
    </ClCompile>
    <ClCompile Include="Graph_data\Finding_shortest_path.cpp">
      <Filter>Algorithms_on_graphs\Source Files</Filter>
    </ClCompile>
    <ClCompile Include="Control_data_time\Control_data_time.cpp">
      <Filter>Control_data_time\Source Files</Filter>
    </ClCompile>
  </ItemGroup>
</Project>